
Microsoft Visual Studio Solution File, Format Version 12.00
# Visual Studio 2012
Project("{FAE04EC0-301F-11D3-BF4B-00C04F79EFBC}") = "Mst.Data", "Mst.Data\Mst.Data.csproj", "{206265D5-C268-4CEC-8A5C-F9A64A1ED83D}"
EndProject
Project("{FAE04EC0-301F-11D3-BF4B-00C04F79EFBC}") = "Mst.DbObjects", "Mst.DbTypes\Mst.DbObjects.csproj", "{5C241AC6-EF35-4016-8FC3-8331C8952E2A}"
EndProject
Global
	GlobalSection(SolutionConfigurationPlatforms) = preSolution
		Debug|Any CPU = Debug|Any CPU
		Release|Any CPU = Release|Any CPU
	EndGlobalSection
	GlobalSection(ProjectConfigurationPlatforms) = postSolution
		{206265D5-C268-4CEC-8A5C-F9A64A1ED83D}.Debug|Any CPU.ActiveCfg = Debug|Any CPU
		{206265D5-C268-4CEC-8A5C-F9A64A1ED83D}.Debug|Any CPU.Build.0 = Debug|Any CPU
		{206265D5-C268-4CEC-8A5C-F9A64A1ED83D}.Release|Any CPU.ActiveCfg = Release|Any CPU
		{206265D5-C268-4CEC-8A5C-F9A64A1ED83D}.Release|Any CPU.Build.0 = Release|Any CPU
		{5C241AC6-EF35-4016-8FC3-8331C8952E2A}.Debug|Any CPU.ActiveCfg = Debug|Any CPU
		{5C241AC6-EF35-4016-8FC3-8331C8952E2A}.Debug|Any CPU.Build.0 = Debug|Any CPU
		{5C241AC6-EF35-4016-8FC3-8331C8952E2A}.Release|Any CPU.ActiveCfg = Release|Any CPU
		{5C241AC6-EF35-4016-8FC3-8331C8952E2A}.Release|Any CPU.Build.0 = Release|Any CPU
	EndGlobalSection
	GlobalSection(SolutionProperties) = preSolution
		HideSolutionNode = FALSE
	EndGlobalSection
EndGlobal
